
Microsoft Visual Studio Solution File, Format Version 12.00
# Visual Studio Version 17
VisualStudioVersion = 17.9.34723.18
MinimumVisualStudioVersion = 10.0.40219.1
Project("{FAE04EC0-301F-11D3-BF4B-00C04F79EFBC}") = "OOP Project - Joshua Currie", "OOP Project - Joshua Currie\OOP Project - Joshua Currie.csproj", "{4E4CBB10-7656-453C-A912-AD565552D5B3}"
EndProject
Global
	GlobalSection(SolutionConfigurationPlatforms) = preSolution
		Debug|Any CPU = Debug|Any CPU
		Release|Any CPU = Release|Any CPU
	EndGlobalSection
	GlobalSection(ProjectConfigurationPlatforms) = postSolution
		{4E4CBB10-7656-453C-A912-AD565552D5B3}.Debug|Any CPU.ActiveCfg = Debug|Any CPU
		{4E4CBB10-7656-453C-A912-AD565552D5B3}.Debug|Any CPU.Build.0 = Debug|Any CPU
		{4E4CBB10-7656-453C-A912-AD565552D5B3}.Release|Any CPU.ActiveCfg = Release|Any CPU
		{4E4CBB10-7656-453C-A912-AD565552D5B3}.Release|Any CPU.Build.0 = Release|Any CPU
	EndGlobalSection
	GlobalSection(SolutionProperties) = preSolution
		HideSolutionNode = FALSE
	EndGlobalSection
	GlobalSection(ExtensibilityGlobals) = postSolution
		SolutionGuid = {30BEC441-4A35-40AC-83E9-9C20C3AF051E}
	EndGlobalSection
EndGlobal
